// !$*UTF8*$!
{
	archiveVersion = 1;
	classes = {
	};
	objectVersion = 55;
	objects = {

/* Begin PBXBuildFile section */
		C94D97812844E90900F16AA7 /* Launch Screen.storyboard in Resources */ = {isa = PBXBuildFile; fileRef = C94D97802844E90900F16AA7 /* Launch Screen.storyboard */; };
		C95AB4E42844EF8B00EB93CD /* Login.swift in Sources */ = {isa = PBXBuildFile; fileRef = C95AB4E32844EF8B00EB93CD /* Login.swift */; };
		C95AB4E62844F49B00EB93CD /* Register.swift in Sources */ = {isa = PBXBuildFile; fileRef = C95AB4E52844F49B00EB93CD /* Register.swift */; };
		C999F681283C669000872F48 /* amad_afl4_keeb_wikiApp.swift in Sources */ = {isa = PBXBuildFile; fileRef = C999F680283C669000872F48 /* amad_afl4_keeb_wikiApp.swift */; };
		C999F683283C669000872F48 /* ContentView.swift in Sources */ = {isa = PBXBuildFile; fileRef = C999F682283C669000872F48 /* ContentView.swift */; };
		C999F685283C669300872F48 /* Assets.xcassets in Resources */ = {isa = PBXBuildFile; fileRef = C999F684283C669300872F48 /* Assets.xcassets */; };
		C999F688283C669300872F48 /* Preview Assets.xcassets in Resources */ = {isa = PBXBuildFile; fileRef = C999F687283C669300872F48 /* Preview Assets.xcassets */; };
		C9B692C8284E30490076D244 /* BotNav.swift in Sources */ = {isa = PBXBuildFile; fileRef = C9B692C7284E30490076D244 /* BotNav.swift */; };
		C9B692CA284E30AA0076D244 /* Headline.swift in Sources */ = {isa = PBXBuildFile; fileRef = C9B692C9284E30AA0076D244 /* Headline.swift */; };
		C9B692FB284E31D00076D244 /* HomeView.swift in Sources */ = {isa = PBXBuildFile; fileRef = C9B692FA284E31D00076D244 /* HomeView.swift */; };
		C9B692FD284E32070076D244 /* SearchBar.swift in Sources */ = {isa = PBXBuildFile; fileRef = C9B692FC284E32070076D244 /* SearchBar.swift */; };
		C9B692FF284E327F0076D244 /* ModelData.swift in Sources */ = {isa = PBXBuildFile; fileRef = C9B692FE284E327F0076D244 /* ModelData.swift */; };
		C9B69301284E32B10076D244 /* DetailView.swift in Sources */ = {isa = PBXBuildFile; fileRef = C9B69300284E32B10076D244 /* DetailView.swift */; };
		C9B69305284E33010076D244 /* Keyboard.swift in Sources */ = {isa = PBXBuildFile; fileRef = C9B69304284E33010076D244 /* Keyboard.swift */; };
		C9B69307284E33290076D244 /* ItemCard.swift in Sources */ = {isa = PBXBuildFile; fileRef = C9B69306284E33290076D244 /* ItemCard.swift */; };
		C9B69309284E33890076D244 /* keyboardData.json in Resources */ = {isa = PBXBuildFile; fileRef = C9B69308284E33890076D244 /* keyboardData.json */; };
		C9B6930B284E38AA0076D244 /* FavoriteView.swift in Sources */ = {isa = PBXBuildFile; fileRef = C9B6930A284E38AA0076D244 /* FavoriteView.swift */; };
		C9B6930D284E39C30076D244 /* FavoriteButton.swift in Sources */ = {isa = PBXBuildFile; fileRef = C9B6930C284E39C30076D244 /* FavoriteButton.swift */; };
		C9B6930F284E3B270076D244 /* ProfileView.swift in Sources */ = {isa = PBXBuildFile; fileRef = C9B6930E284E3B270076D244 /* ProfileView.swift */; };
/* End PBXBuildFile section */

/* Begin PBXFileReference section */
		C94D97802844E90900F16AA7 /* Launch Screen.storyboard */ = {isa = PBXFileReference; lastKnownFileType = file.storyboard; path = "Launch Screen.storyboard"; sourceTree = "<group>"; };
		C95AB4E32844EF8B00EB93CD /* Login.swift */ = {isa = PBXFileReference; lastKnownFileType = sourcecode.swift; path = Login.swift; sourceTree = "<group>"; };
		C95AB4E52844F49B00EB93CD /* Register.swift */ = {isa = PBXFileReference; lastKnownFileType = sourcecode.swift; path = Register.swift; sourceTree = "<group>"; };
		C999F67D283C669000872F48 /* amad-afl4-keeb-wiki.app */ = {isa = PBXFileReference; explicitFileType = wrapper.application; includeInIndex = 0; path = "amad-afl4-keeb-wiki.app"; sourceTree = BUILT_PRODUCTS_DIR; };
		C999F680283C669000872F48 /* amad_afl4_keeb_wikiApp.swift */ = {isa = PBXFileReference; lastKnownFileType = sourcecode.swift; path = amad_afl4_keeb_wikiApp.swift; sourceTree = "<group>"; };
		C999F682283C669000872F48 /* ContentView.swift */ = {isa = PBXFileReference; lastKnownFileType = sourcecode.swift; path = ContentView.swift; sourceTree = "<group>"; };
		C999F684283C669300872F48 /* Assets.xcassets */ = {isa = PBXFileReference; lastKnownFileType = folder.assetcatalog; path = Assets.xcassets; sourceTree = "<group>"; };
		C999F687283C669300872F48 /* Preview Assets.xcassets */ = {isa = PBXFileReference; lastKnownFileType = folder.assetcatalog; path = "Preview Assets.xcassets"; sourceTree = "<group>"; };
		C9B692C7284E30490076D244 /* BotNav.swift */ = {isa = PBXFileReference; lastKnownFileType = sourcecode.swift; path = BotNav.swift; sourceTree = "<group>"; };
		C9B692C9284E30AA0076D244 /* Headline.swift */ = {isa = PBXFileReference; lastKnownFileType = sourcecode.swift; path = Headline.swift; sourceTree = "<group>"; };
		C9B692FA284E31D00076D244 /* HomeView.swift */ = {isa = PBXFileReference; lastKnownFileType = sourcecode.swift; path = HomeView.swift; sourceTree = "<group>"; };
		C9B692FC284E32070076D244 /* SearchBar.swift */ = {isa = PBXFileReference; lastKnownFileType = sourcecode.swift; path = SearchBar.swift; sourceTree = "<group>"; };
		C9B692FE284E327F0076D244 /* ModelData.swift */ = {isa = PBXFileReference; lastKnownFileType = sourcecode.swift; path = ModelData.swift; sourceTree = "<group>"; };
		C9B69300284E32B10076D244 /* DetailView.swift */ = {isa = PBXFileReference; lastKnownFileType = sourcecode.swift; path = DetailView.swift; sourceTree = "<group>"; };
		C9B69304284E33010076D244 /* Keyboard.swift */ = {isa = PBXFileReference; lastKnownFileType = sourcecode.swift; path = Keyboard.swift; sourceTree = "<group>"; };
		C9B69306284E33290076D244 /* ItemCard.swift */ = {isa = PBXFileReference; lastKnownFileType = sourcecode.swift; path = ItemCard.swift; sourceTree = "<group>"; };
		C9B69308284E33890076D244 /* keyboardData.json */ = {isa = PBXFileReference; fileEncoding = 4; lastKnownFileType = text.json; path = keyboardData.json; sourceTree = "<group>"; };
		C9B6930A284E38AA0076D244 /* FavoriteView.swift */ = {isa = PBXFileReference; lastKnownFileType = sourcecode.swift; path = FavoriteView.swift; sourceTree = "<group>"; };
		C9B6930C284E39C30076D244 /* FavoriteButton.swift */ = {isa = PBXFileReference; lastKnownFileType = sourcecode.swift; path = FavoriteButton.swift; sourceTree = "<group>"; };
		C9B6930E284E3B270076D244 /* ProfileView.swift */ = {isa = PBXFileReference; lastKnownFileType = sourcecode.swift; path = ProfileView.swift; sourceTree = "<group>"; };
/* End PBXFileReference section */

/* Begin PBXFrameworksBuildPhase section */
		C999F67A283C669000872F48 /* Frameworks */ = {
			isa = PBXFrameworksBuildPhase;
			buildActionMask = 2147483647;
			files = (
			);
			runOnlyForDeploymentPostprocessing = 0;
		};
/* End PBXFrameworksBuildPhase section */

/* Begin PBXGroup section */
		C92EA3CD2844EC8100A99F35 /* Views */ = {
			isa = PBXGroup;
			children = (
				C95AB4E22844EF7D00EB93CD /* Authentication */,
				C999F682283C669000872F48 /* ContentView.swift */,
				C9B692C7284E30490076D244 /* BotNav.swift */,
				C9B692C9284E30AA0076D244 /* Headline.swift */,
				C9B692FA284E31D00076D244 /* HomeView.swift */,
				C9B692FC284E32070076D244 /* SearchBar.swift */,
				C9B69300284E32B10076D244 /* DetailView.swift */,
				C9B69306284E33290076D244 /* ItemCard.swift */,
				C9B6930A284E38AA0076D244 /* FavoriteView.swift */,
				C9B6930C284E39C30076D244 /* FavoriteButton.swift */,
				C9B6930E284E3B270076D244 /* ProfileView.swift */,
			);
			path = Views;
			sourceTree = "<group>";
		};
		C95AB4E22844EF7D00EB93CD /* Authentication */ = {
			isa = PBXGroup;
			children = (
				C95AB4E32844EF8B00EB93CD /* Login.swift */,
				C95AB4E52844F49B00EB93CD /* Register.swift */,
			);
			path = Authentication;
			sourceTree = "<group>";
		};
		C999F674283C669000872F48 = {
			isa = PBXGroup;
			children = (
				C999F67F283C669000872F48 /* amad-afl4-keeb-wiki */,
				C999F67E283C669000872F48 /* Products */,
			);
			sourceTree = "<group>";
		};
		C999F67E283C669000872F48 /* Products */ = {
			isa = PBXGroup;
			children = (
				C999F67D283C669000872F48 /* amad-afl4-keeb-wiki.app */,
			);
			name = Products;
			sourceTree = "<group>";
		};
		C999F67F283C669000872F48 /* amad-afl4-keeb-wiki */ = {
			isa = PBXGroup;
			children = (
				C999F680283C669000872F48 /* amad_afl4_keeb_wikiApp.swift */,
				C9B692C4284E2EFA0076D244 /* Models */,
				C9B692C6284E2F100076D244 /* Resources */,
				C92EA3CD2844EC8100A99F35 /* Views */,
				C999F684283C669300872F48 /* Assets.xcassets */,
				C999F686283C669300872F48 /* Preview Content */,
				C94D97802844E90900F16AA7 /* Launch Screen.storyboard */,
			);
			path = "amad-afl4-keeb-wiki";
			sourceTree = "<group>";
		};
		C999F686283C669300872F48 /* Preview Content */ = {
			isa = PBXGroup;
			children = (
				C999F687283C669300872F48 /* Preview Assets.xcassets */,
			);
			path = "Preview Content";
			sourceTree = "<group>";
		};
		C9B692C4284E2EFA0076D244 /* Models */ = {
			isa = PBXGroup;
			children = (
				C9B692FE284E327F0076D244 /* ModelData.swift */,
				C9B69304284E33010076D244 /* Keyboard.swift */,
			);
			path = Models;
			sourceTree = "<group>";
		};
		C9B692C6284E2F100076D244 /* Resources */ = {
			isa = PBXGroup;
			children = (
				C9B69308284E33890076D244 /* keyboardData.json */,
			);
			path = Resources;
			sourceTree = "<group>";
		};
/* End PBXGroup section */

/* Begin PBXNativeTarget section */
		C999F67C283C669000872F48 /* amad-afl4-keeb-wiki */ = {
			isa = PBXNativeTarget;
			buildConfigurationList = C999F68B283C669300872F48 /* Build configuration list for PBXNativeTarget "amad-afl4-keeb-wiki" */;
			buildPhases = (
				C999F679283C669000872F48 /* Sources */,
				C999F67A283C669000872F48 /* Frameworks */,
				C999F67B283C669000872F48 /* Resources */,
			);
			buildRules = (
			);
			dependencies = (
			);
			name = "amad-afl4-keeb-wiki";
			productName = "amad-afl4-keeb-wiki";
			productReference = C999F67D283C669000872F48 /* amad-afl4-keeb-wiki.app */;
			productType = "com.apple.product-type.application";
		};
/* End PBXNativeTarget section */

/* Begin PBXProject section */
		C999F675283C669000872F48 /* Project object */ = {
			isa = PBXProject;
			attributes = {
				BuildIndependentTargetsInParallel = 1;
				LastSwiftUpdateCheck = 1340;
				LastUpgradeCheck = 1340;
				TargetAttributes = {
					C999F67C283C669000872F48 = {
						CreatedOnToolsVersion = 13.4;
					};
				};
			};
			buildConfigurationList = C999F678283C669000872F48 /* Build configuration list for PBXProject "amad-afl4-keeb-wiki" */;
			compatibilityVersion = "Xcode 13.0";
			developmentRegion = en;
			hasScannedForEncodings = 0;
			knownRegions = (
				en,
				Base,
			);
			mainGroup = C999F674283C669000872F48;
			productRefGroup = C999F67E283C669000872F48 /* Products */;
			projectDirPath = "";
			projectRoot = "";
			targets = (
				C999F67C283C669000872F48 /* amad-afl4-keeb-wiki */,
			);
		};
/* End PBXProject section */

/* Begin PBXResourcesBuildPhase section */
		C999F67B283C669000872F48 /* Resources */ = {
			isa = PBXResourcesBuildPhase;
			buildActionMask = 2147483647;
			files = (
				C9B69309284E33890076D244 /* keyboardData.json in Resources */,
				C94D97812844E90900F16AA7 /* Launch Screen.storyboard in Resources */,
				C999F688283C669300872F48 /* Preview Assets.xcassets in Resources */,
				C999F685283C669300872F48 /* Assets.xcassets in Resources */,
			);
			runOnlyForDeploymentPostprocessing = 0;
		};
/* End PBXResourcesBuildPhase section */

/* Begin PBXSourcesBuildPhase section */
		C999F679283C669000872F48 /* Sources */ = {
			isa = PBXSourcesBuildPhase;
			buildActionMask = 2147483647;
			files = (
				C95AB4E42844EF8B00EB93CD /* Login.swift in Sources */,
				C9B692FB284E31D00076D244 /* HomeView.swift in Sources */,
				C9B692FF284E327F0076D244 /* ModelData.swift in Sources */,
				C9B69305284E33010076D244 /* Keyboard.swift in Sources */,
				C9B69301284E32B10076D244 /* DetailView.swift in Sources */,
				C999F683283C669000872F48 /* ContentView.swift in Sources */,
				C95AB4E62844F49B00EB93CD /* Register.swift in Sources */,
				C9B6930F284E3B270076D244 /* ProfileView.swift in Sources */,
				C999F681283C669000872F48 /* amad_afl4_keeb_wikiApp.swift in Sources */,
				C9B6930B284E38AA0076D244 /* FavoriteView.swift in Sources */,
				C9B692FD284E32070076D244 /* SearchBar.swift in Sources */,
				C9B692C8284E30490076D244 /* BotNav.swift in Sources */,
				C9B6930D284E39C30076D244 /* FavoriteButton.swift in Sources */,
				C9B69307284E33290076D244 /* ItemCard.swift in Sources */,
				C9B692CA284E30AA0076D244 /* Headline.swift in Sources */,
			);
			runOnlyForDeploymentPostprocessing = 0;
		};
/* End PBXSourcesBuildPhase section */

/* Begin XCBuildConfiguration section */
		C999F689283C669300872F48 /* Debug */ = {
			isa = XCBuildConfiguration;
			buildSettings = {
				ALWAYS_SEARCH_USER_PATHS = NO;
				CLANG_ANALYZER_NONNULL = YES;
				CLANG_ANALYZER_NUMBER_OBJECT_CONVERSION = YES_AGGRESSIVE;
				CLANG_CXX_LANGUAGE_STANDARD = "gnu++17";
				CLANG_ENABLE_MODULES = YES;
				CLANG_ENABLE_OBJC_ARC = YES;
				CLANG_ENABLE_OBJC_WEAK = YES;
				CLANG_WARN_BLOCK_CAPTURE_AUTORELEASING = YES;
				CLANG_WARN_BOOL_CONVERSION = YES;
				CLANG_WARN_COMMA = YES;
				CLANG_WARN_CONSTANT_CONVERSION = YES;
				CLANG_WARN_DEPRECATED_OBJC_IMPLEMENTATIONS = YES;
				CLANG_WARN_DIRECT_OBJC_ISA_USAGE = YES_ERROR;
				CLANG_WARN_DOCUMENTATION_COMMENTS = YES;
				CLANG_WARN_EMPTY_BODY = YES;
				CLANG_WARN_ENUM_CONVERSION = YES;
				CLANG_WARN_INFINITE_RECURSION = YES;
				CLANG_WARN_INT_CONVERSION = YES;
				CLANG_WARN_NON_LITERAL_NULL_CONVERSION = YES;
				CLANG_WARN_OBJC_IMPLICIT_RETAIN_SELF = YES;
				CLANG_WARN_OBJC_LITERAL_CONVERSION = YES;
				CLANG_WARN_OBJC_ROOT_CLASS = YES_ERROR;
				CLANG_WARN_QUOTED_INCLUDE_IN_FRAMEWORK_HEADER = YES;
				CLANG_WARN_RANGE_LOOP_ANALYSIS = YES;
				CLANG_WARN_STRICT_PROTOTYPES = YES;
				CLANG_WARN_SUSPICIOUS_MOVE = YES;
				CLANG_WARN_UNGUARDED_AVAILABILITY = YES_AGGRESSIVE;
				CLANG_WARN_UNREACHABLE_CODE = YES;
				CLANG_WARN__DUPLICATE_METHOD_MATCH = YES;
				COPY_PHASE_STRIP = NO;
				DEBUG_INFORMATION_FORMAT = dwarf;
				ENABLE_STRICT_OBJC_MSGSEND = YES;
				ENABLE_TESTABILITY = YES;
				GCC_C_LANGUAGE_STANDARD = gnu11;
				GCC_DYNAMIC_NO_PIC = NO;
				GCC_NO_COMMON_BLOCKS = YES;
				GCC_OPTIMIZATION_LEVEL = 0;
				GCC_PREPROCESSOR_DEFINITIONS = (
					"DEBUG=1",
					"$(inherited)",
				);
				GCC_WARN_64_TO_32_BIT_CONVERSION = YES;
				GCC_WARN_ABOUT_RETURN_TYPE = YES_ERROR;
				GCC_WARN_UNDECLARED_SELECTOR = YES;
				GCC_WARN_UNINITIALIZED_AUTOS = YES_AGGRESSIVE;
				GCC_WARN_UNUSED_FUNCTION = YES;
				GCC_WARN_UNUSED_VARIABLE = YES;
				IPHONEOS_DEPLOYMENT_TARGET = 15.5;
				MTL_ENABLE_DEBUG_INFO = INCLUDE_SOURCE;
				MTL_FAST_MATH = YES;
				ONLY_ACTIVE_ARCH = YES;
				SDKROOT = iphoneos;
				SWIFT_ACTIVE_COMPILATION_CONDITIONS = DEBUG;
				SWIFT_OPTIMIZATION_LEVEL = "-Onone";
			};
			name = Debug;
		};
		C999F68A283C669300872F48 /* Release */ = {
			isa = XCBuildConfiguration;
			buildSettings = {
				ALWAYS_SEARCH_USER_PATHS = NO;
				CLANG_ANALYZER_NONNULL = YES;
				CLANG_ANALYZER_NUMBER_OBJECT_CONVERSION = YES_AGGRESSIVE;
				CLANG_CXX_LANGUAGE_STANDARD = "gnu++17";
				CLANG_ENABLE_MODULES = YES;
				CLANG_ENABLE_OBJC_ARC = YES;
				CLANG_ENABLE_OBJC_WEAK = YES;
				CLANG_WARN_BLOCK_CAPTURE_AUTORELEASING = YES;
				CLANG_WARN_BOOL_CONVERSION = YES;
				CLANG_WARN_COMMA = YES;
				CLANG_WARN_CONSTANT_CONVERSION = YES;
				CLANG_WARN_DEPRECATED_OBJC_IMPLEMENTATIONS = YES;
				CLANG_WARN_DIRECT_OBJC_ISA_USAGE = YES_ERROR;
				CLANG_WARN_DOCUMENTATION_COMMENTS = YES;
				CLANG_WARN_EMPTY_BODY = YES;
				CLANG_WARN_ENUM_CONVERSION = YES;
				CLANG_WARN_INFINITE_RECURSION = YES;
				CLANG_WARN_INT_CONVERSION = YES;
				CLANG_WARN_NON_LITERAL_NULL_CONVERSION = YES;
				CLANG_WARN_OBJC_IMPLICIT_RETAIN_SELF = YES;
				CLANG_WARN_OBJC_LITERAL_CONVERSION = YES;
				CLANG_WARN_OBJC_ROOT_CLASS = YES_ERROR;
				CLANG_WARN_QUOTED_INCLUDE_IN_FRAMEWORK_HEADER = YES;
				CLANG_WARN_RANGE_LOOP_ANALYSIS = YES;
				CLANG_WARN_STRICT_PROTOTYPES = YES;
				CLANG_WARN_SUSPICIOUS_MOVE = YES;
				CLANG_WARN_UNGUARDED_AVAILABILITY = YES_AGGRESSIVE;
				CLANG_WARN_UNREACHABLE_CODE = YES;
				CLANG_WARN__DUPLICATE_METHOD_MATCH = YES;
				COPY_PHASE_STRIP = NO;
				DEBUG_INFORMATION_FORMAT = "dwarf-with-dsym";
				ENABLE_NS_ASSERTIONS = NO;
				ENABLE_STRICT_OBJC_MSGSEND = YES;
				GCC_C_LANGUAGE_STANDARD = gnu11;
				GCC_NO_COMMON_BLOCKS = YES;
				GCC_WARN_64_TO_32_BIT_CONVERSION = YES;
				GCC_WARN_ABOUT_RETURN_TYPE = YES_ERROR;
				GCC_WARN_UNDECLARED_SELECTOR = YES;
				GCC_WARN_UNINITIALIZED_AUTOS = YES_AGGRESSIVE;
				GCC_WARN_UNUSED_FUNCTION = YES;
				GCC_WARN_UNUSED_VARIABLE = YES;
				IPHONEOS_DEPLOYMENT_TARGET = 15.5;
				MTL_ENABLE_DEBUG_INFO = NO;
				MTL_FAST_MATH = YES;
				SDKROOT = iphoneos;
				SWIFT_COMPILATION_MODE = wholemodule;
				SWIFT_OPTIMIZATION_LEVEL = "-O";
				VALIDATE_PRODUCT = YES;
			};
			name = Release;
		};
		C999F68C283C669300872F48 /* Debug */ = {
			isa = XCBuildConfiguration;
			buildSettings = {
				ASSETCATALOG_COMPILER_APPICON_NAME = AppIcon;
				ASSETCATALOG_COMPILER_GLOBAL_ACCENT_COLOR_NAME = AccentColor;
				CODE_SIGN_STYLE = Automatic;
				CURRENT_PROJECT_VERSION = 1;
				DEVELOPMENT_ASSET_PATHS = "\"amad-afl4-keeb-wiki/Preview Content\"";
				DEVELOPMENT_TEAM = 6R3F5G5AGC;
				ENABLE_PREVIEWS = YES;
				GENERATE_INFOPLIST_FILE = YES;
				INFOPLIST_KEY_UIApplicationSceneManifest_Generation = YES;
				INFOPLIST_KEY_UIApplicationSupportsIndirectInputEvents = YES;
				INFOPLIST_KEY_UILaunchScreen_Generation = YES;
				INFOPLIST_KEY_UILaunchStoryboardName = "Launch Screen";
				INFOPLIST_KEY_UISupportedInterfaceOrientations_iPad = "UIInterfaceOrientationPortrait UIInterfaceOrientationPortraitUpsideDown UIInterfaceOrientationLandscapeLeft UIInterfaceOrientationLandscapeRight";
				INFOPLIST_KEY_UISupportedInterfaceOrientations_iPhone = "UIInterfaceOrientationPortrait UIInterfaceOrientationLandscapeLeft UIInterfaceOrientationLandscapeRight";
				LD_RUNPATH_SEARCH_PATHS = (
					"$(inherited)",
					"@executable_path/Frameworks",
				);
				MARKETING_VERSION = 1.0;
				PRODUCT_BUNDLE_IDENTIFIER = "rkindarto.amad-afl4-keeb-wiki";
				PRODUCT_NAME = "$(TARGET_NAME)";
				SWIFT_EMIT_LOC_STRINGS = YES;
				SWIFT_VERSION = 5.0;
				TARGETED_DEVICE_FAMILY = "1,2";
			};
			name = Debug;
		};
		C999F68D283C669300872F48 /* Release */ = {
			isa = XCBuildConfiguration;
			buildSettings = {
				ASSETCATALOG_COMPILER_APPICON_NAME = AppIcon;
				ASSETCATALOG_COMPILER_GLOBAL_ACCENT_COLOR_NAME = AccentColor;
				CODE_SIGN_STYLE = Automatic;
				CURRENT_PROJECT_VERSION = 1;
				DEVELOPMENT_ASSET_PATHS = "\"amad-afl4-keeb-wiki/Preview Content\"";
				DEVELOPMENT_TEAM = 6R3F5G5AGC;
				ENABLE_PREVIEWS = YES;
				GENERATE_INFOPLIST_FILE = YES;
				INFOPLIST_KEY_UIApplicationSceneManifest_Generation = YES;
				INFOPLIST_KEY_UIApplicationSupportsIndirectInputEvents = YES;
				INFOPLIST_KEY_UILaunchScreen_Generation = YES;
				INFOPLIST_KEY_UILaunchStoryboardName = "Launch Screen";
				INFOPLIST_KEY_UISupportedInterfaceOrientations_iPad = "UIInterfaceOrientationPortrait UIInterfaceOrientationPortraitUpsideDown UIInterfaceOrientationLandscapeLeft UIInterfaceOrientationLandscapeRight";
				INFOPLIST_KEY_UISupportedInterfaceOrientations_iPhone = "UIInterfaceOrientationPortrait UIInterfaceOrientationLandscapeLeft UIInterfaceOrientationLandscapeRight";
				LD_RUNPATH_SEARCH_PATHS = (
					"$(inherited)",
					"@executable_path/Frameworks",
				);
				MARKETING_VERSION = 1.0;
				PRODUCT_BUNDLE_IDENTIFIER = "rkindarto.amad-afl4-keeb-wiki";
				PRODUCT_NAME = "$(TARGET_NAME)";
				SWIFT_EMIT_LOC_STRINGS = YES;
				SWIFT_VERSION = 5.0;
				TARGETED_DEVICE_FAMILY = "1,2";
			};
			name = Release;
		};
/* End XCBuildConfiguration section */

/* Begin XCConfigurationList section */
		C999F678283C669000872F48 /* Build configuration list for PBXProject "amad-afl4-keeb-wiki" */ = {
			isa = XCConfigurationList;
			buildConfigurations = (
				C999F689283C669300872F48 /* Debug */,
				C999F68A283C669300872F48 /* Release */,
			);
			defaultConfigurationIsVisible = 0;
			defaultConfigurationName = Release;
		};
		C999F68B283C669300872F48 /* Build configuration list for PBXNativeTarget "amad-afl4-keeb-wiki" */ = {
			isa = XCConfigurationList;
			buildConfigurations = (
				C999F68C283C669300872F48 /* Debug */,
				C999F68D283C669300872F48 /* Release */,
			);
			defaultConfigurationIsVisible = 0;
			defaultConfigurationName = Release;
		};
/* End XCConfigurationList section */
	};
	rootObject = C999F675283C669000872F48 /* Project object */;
}
